
Microsoft Visual Studio Solution File, Format Version 11.00
# Visual Studio 2010
Project("{FAE04EC0-301F-11D3-BF4B-00C04F79EFBC}") = "IronClient", "IronClient\IronClient.csproj", "{7A6847CC-E96B-4C21-8421-CEC2906F4957}"
EndProject
Project("{FAE04EC0-301F-11D3-BF4B-00C04F79EFBC}") = "IronMQ", "IronMQ\IronMQ.csproj", "{F6ED5EAE-D9EC-4A59-886F-5FBE4E7F4B4B}"
EndProject
Project("{FAE04EC0-301F-11D3-BF4B-00C04F79EFBC}") = "IronCache", "IronCache\IronCache.csproj", "{4E8BF4C2-449F-429C-BC38-71AE7D5E1E17}"
EndProject
Project("{FAE04EC0-301F-11D3-BF4B-00C04F79EFBC}") = "IronWorker", "IronWorker\IronWorker.csproj", "{8E57911D-7AE6-425B-BE91-7E612908E990}"
EndProject
Project("{FAE04EC0-301F-11D3-BF4B-00C04F79EFBC}") = "TestIronClient", "TestIronClient\TestIronClient.csproj", "{082FC19A-2B8E-4BEE-9FC1-10A9B1CFD0B2}"
EndProject
Project("{2150E333-8FDC-42A3-9474-1A3956D46DE8}") = "Solution Items", "Solution Items", "{BEC4C7B1-9E78-4258-83C3-2C0E1DF060AD}"
	ProjectSection(SolutionItems) = preProject
		IronTools.vsmdi = IronTools.vsmdi
		Local.testsettings = Local.testsettings
		TraceAndTestImpact.testsettings = TraceAndTestImpact.testsettings
	EndProjectSection
EndProject
Project("{FAE04EC0-301F-11D3-BF4B-00C04F79EFBC}") = "TestsIronCache", "TestsIronCache\TestsIronCache.csproj", "{39330314-089C-46AE-A46C-7E3E73DCFC11}"
EndProject
Project("{FAE04EC0-301F-11D3-BF4B-00C04F79EFBC}") = "TestIronWorker", "TestIronWorker\TestIronWorker.csproj", "{B91E5E1A-0F6C-4D10-8E2B-A2D72FF98208}"
EndProject
Project("{2150E333-8FDC-42A3-9474-1A3956D46DE8}") = ".nuget", ".nuget", "{B9E32AD2-C709-4501-B794-3010B4EFE51D}"
	ProjectSection(SolutionItems) = preProject
		.nuget\NuGet.Config = .nuget\NuGet.Config
		.nuget\NuGet.exe = .nuget\NuGet.exe
		.nuget\NuGet.targets = .nuget\NuGet.targets
	EndProjectSection
EndProject
Global
	GlobalSection(TestCaseManagementSettings) = postSolution
		CategoryFile = IronTools.vsmdi
	EndGlobalSection
	GlobalSection(SolutionConfigurationPlatforms) = preSolution
		Debug|Any CPU = Debug|Any CPU
		Release|Any CPU = Release|Any CPU
	EndGlobalSection
	GlobalSection(ProjectConfigurationPlatforms) = postSolution
		{7A6847CC-E96B-4C21-8421-CEC2906F4957}.Debug|Any CPU.ActiveCfg = Debug|Any CPU
		{7A6847CC-E96B-4C21-8421-CEC2906F4957}.Debug|Any CPU.Build.0 = Debug|Any CPU
		{7A6847CC-E96B-4C21-8421-CEC2906F4957}.Release|Any CPU.ActiveCfg = Release|Any CPU
		{7A6847CC-E96B-4C21-8421-CEC2906F4957}.Release|Any CPU.Build.0 = Release|Any CPU
		{F6ED5EAE-D9EC-4A59-886F-5FBE4E7F4B4B}.Debug|Any CPU.ActiveCfg = Debug|Any CPU
		{F6ED5EAE-D9EC-4A59-886F-5FBE4E7F4B4B}.Debug|Any CPU.Build.0 = Debug|Any CPU
		{F6ED5EAE-D9EC-4A59-886F-5FBE4E7F4B4B}.Release|Any CPU.ActiveCfg = Release|Any CPU
		{F6ED5EAE-D9EC-4A59-886F-5FBE4E7F4B4B}.Release|Any CPU.Build.0 = Release|Any CPU
		{4E8BF4C2-449F-429C-BC38-71AE7D5E1E17}.Debug|Any CPU.ActiveCfg = Debug|Any CPU
		{4E8BF4C2-449F-429C-BC38-71AE7D5E1E17}.Debug|Any CPU.Build.0 = Debug|Any CPU
		{4E8BF4C2-449F-429C-BC38-71AE7D5E1E17}.Release|Any CPU.ActiveCfg = Release|Any CPU
		{4E8BF4C2-449F-429C-BC38-71AE7D5E1E17}.Release|Any CPU.Build.0 = Release|Any CPU
		{8E57911D-7AE6-425B-BE91-7E612908E990}.Debug|Any CPU.ActiveCfg = Debug|Any CPU
		{8E57911D-7AE6-425B-BE91-7E612908E990}.Debug|Any CPU.Build.0 = Debug|Any CPU
		{8E57911D-7AE6-425B-BE91-7E612908E990}.Release|Any CPU.ActiveCfg = Release|Any CPU
		{8E57911D-7AE6-425B-BE91-7E612908E990}.Release|Any CPU.Build.0 = Release|Any CPU
		{082FC19A-2B8E-4BEE-9FC1-10A9B1CFD0B2}.Debug|Any CPU.ActiveCfg = Debug|Any CPU
		{082FC19A-2B8E-4BEE-9FC1-10A9B1CFD0B2}.Debug|Any CPU.Build.0 = Debug|Any CPU
		{082FC19A-2B8E-4BEE-9FC1-10A9B1CFD0B2}.Release|Any CPU.ActiveCfg = Release|Any CPU
		{082FC19A-2B8E-4BEE-9FC1-10A9B1CFD0B2}.Release|Any CPU.Build.0 = Release|Any CPU
		{39330314-089C-46AE-A46C-7E3E73DCFC11}.Debug|Any CPU.ActiveCfg = Debug|Any CPU
		{39330314-089C-46AE-A46C-7E3E73DCFC11}.Debug|Any CPU.Build.0 = Debug|Any CPU
		{39330314-089C-46AE-A46C-7E3E73DCFC11}.Release|Any CPU.ActiveCfg = Release|Any CPU
		{39330314-089C-46AE-A46C-7E3E73DCFC11}.Release|Any CPU.Build.0 = Release|Any CPU
		{B91E5E1A-0F6C-4D10-8E2B-A2D72FF98208}.Debug|Any CPU.ActiveCfg = Debug|Any CPU
		{B91E5E1A-0F6C-4D10-8E2B-A2D72FF98208}.Debug|Any CPU.Build.0 = Debug|Any CPU
		{B91E5E1A-0F6C-4D10-8E2B-A2D72FF98208}.Release|Any CPU.ActiveCfg = Release|Any CPU
		{B91E5E1A-0F6C-4D10-8E2B-A2D72FF98208}.Release|Any CPU.Build.0 = Release|Any CPU
	EndGlobalSection
	GlobalSection(SolutionProperties) = preSolution
		HideSolutionNode = FALSE
	EndGlobalSection
EndGlobal
